
Microsoft Visual Studio Solution File, Format Version 12.00
# Visual Studio Version 16
VisualStudioVersion = 25.0.1705.0
MinimumVisualStudioVersion = 10.0.40219.1
Project("{FAE04EC0-301F-11D3-BF4B-00C04F79EFBC}") = "ShopAroundTheCorner", "ShopAroundTheCorner\ShopAroundTheCorner.csproj", "{B599810D-67CE-4BAB-B520-93ED819AD788}"
EndProject
Global
	GlobalSection(SolutionConfigurationPlatforms) = preSolution
		Debug|Any CPU = Debug|Any CPU
		Release|Any CPU = Release|Any CPU
	EndGlobalSection
	GlobalSection(ProjectConfigurationPlatforms) = postSolution
		{B599810D-67CE-4BAB-B520-93ED819AD788}.Debug|Any CPU.ActiveCfg = Debug|Any CPU
		{B599810D-67CE-4BAB-B520-93ED819AD788}.Debug|Any CPU.Build.0 = Debug|Any CPU
		{B599810D-67CE-4BAB-B520-93ED819AD788}.Release|Any CPU.ActiveCfg = Release|Any CPU
		{B599810D-67CE-4BAB-B520-93ED819AD788}.Release|Any CPU.Build.0 = Release|Any CPU
	EndGlobalSection
	GlobalSection(SolutionProperties) = preSolution
		HideSolutionNode = FALSE
	EndGlobalSection
	GlobalSection(ExtensibilityGlobals) = postSolution
		SolutionGuid = {088F3F5A-7664-4F49-9543-674BC7203ECC}
	EndGlobalSection
EndGlobal
